
Microsoft Visual Studio Solution File, Format Version 12.00
# Visual Studio Version 17
VisualStudioVersion = 17.0.32014.148
MinimumVisualStudioVersion = 10.0.40219.1
Project("{FAE04EC0-301F-11D3-BF4B-00C04F79EFBC}") = "PriceChartBot", "PriceChartBot.csproj", "{B279F6DE-6946-4C09-BEC9-77C04B385C2B}"
EndProject
Global
	GlobalSection(SolutionConfigurationPlatforms) = preSolution
		Debug|Any CPU = Debug|Any CPU
		Release|Any CPU = Release|Any CPU
	EndGlobalSection
	GlobalSection(ProjectConfigurationPlatforms) = postSolution
		{B279F6DE-6946-4C09-BEC9-77C04B385C2B}.Debug|Any CPU.ActiveCfg = Debug|Any CPU
		{B279F6DE-6946-4C09-BEC9-77C04B385C2B}.Debug|Any CPU.Build.0 = Debug|Any CPU
		{B279F6DE-6946-4C09-BEC9-77C04B385C2B}.Release|Any CPU.ActiveCfg = Release|Any CPU
		{B279F6DE-6946-4C09-BEC9-77C04B385C2B}.Release|Any CPU.Build.0 = Release|Any CPU
	EndGlobalSection
	GlobalSection(SolutionProperties) = preSolution
		HideSolutionNode = FALSE
	EndGlobalSection
	GlobalSection(ExtensibilityGlobals) = postSolution
		SolutionGuid = {680552BA-A9F4-4C53-A31F-37FF0B8E24BB}
	EndGlobalSection
EndGlobal
